# This file is automatically @generated by Cargo.
# It is not intended for manual editing.
version = 3

[[package]]
name = "libc"
version = "0.2.147"
source = "registry+https://github.com/rust-lang/crates.io-index"
checksum = "b4668fb0ea861c1df094127ac5f1da3409a82116a4ba74fca2e58ef927159bb3"

[[package]]
name = "once_cell"
version = "1.18.0"
source = "registry+https://github.com/rust-lang/crates.io-index"
checksum = "dd8b5dd2ae5ed71462c540258bedcb51965123ad7e7ccf4b9a8cafaa4a63576d"

[[package]]
name = "pyo3-build-config"
version = "0.18.3"
source = "registry+https://github.com/rust-lang/crates.io-index"
checksum = "9cb946f5ac61bb61a5014924910d936ebd2b23b705f7a4a3c40b05c720b079a3"
dependencies = [
 "once_cell",
 "target-lexicon",
]

[[package]]
name = "pyo3-ffi"
version = "0.18.3"
source = "registry+https://github.com/rust-lang/crates.io-index"
checksum = "fd4d7c5337821916ea2a1d21d1092e8443cf34879e53a0ac653fbb98f44ff65c"
dependencies = [
 "libc",
 "pyo3-build-config",
]

[[package]]
name = "pyo3-ffi-pure"
version = "1.0.0"
dependencies = [
 "pyo3-ffi",
]

[[package]]
name = "target-lexicon"
version = "0.12.11"
source = "registry+https://github.com/rust-lang/crates.io-index"
checksum = "9d0e916b1148c8e263850e1ebcbd046f333e0683c724876bb0da63ea4373dc8a"
