# This file is automatically @generated by Cargo.
# It is not intended for manual editing.
version = 3

[[package]]
name = "libc"
version = "0.2.117"
source = "registry+https://github.com/rust-lang/crates.io-index"
checksum = "e74d72e0f9b65b5b4ca49a346af3976df0f9c61d550727f349ecd559f251a26c"

[[package]]
name = "once_cell"
version = "1.9.0"
source = "registry+https://github.com/rust-lang/crates.io-index"
checksum = "da32515d9f6e6e489d7bc9d84c71b060db7247dc035bbe44eac88cf87486d8d5"

[[package]]
name = "pyo3-build-config"
version = "0.15.1"
source = "git+https://github.com/PyO3/pyo3.git?branch=main#ada301773e13713fc173ca84f0547b2463d5e342"
dependencies = [
 "once_cell",
]

[[package]]
name = "pyo3-ffi"
version = "0.15.1"
source = "git+https://github.com/PyO3/pyo3.git?branch=main#ada301773e13713fc173ca84f0547b2463d5e342"
dependencies = [
 "libc",
 "pyo3-build-config",
]

[[package]]
name = "pyo3-ffi-pure"
version = "1.0.0"
dependencies = [
 "pyo3-ffi",
]
