# This file is automatically @generated by Cargo.
# It is not intended for manual editing.
version = 4

[[package]]
name = "cffi-mixed-with-path-dep"
version = "2.1.3"
dependencies = [
 "some_path_dep",
]

[[package]]
name = "some_path_dep"
version = "0.1.0"
dependencies = [
 "transitive_path_dep",
]

[[package]]
name = "transitive_path_dep"
version = "0.1.0"
