# This file is automatically @generated by Cargo.
# It is not intended for manual editing.
version = 4

[[package]]
name = "a"
version = "0.1.0"
dependencies = [
 "b",
 "uniffi",
]

[[package]]
name = "anstream"
version = "0.6.21"
source = "registry+https://github.com/rust-lang/crates.io-index"
checksum = "43d5b281e737544384e969a5ccad3f1cdd24b48086a0fc1b2a5262a26b8f4f4a"
dependencies = [
 "anstyle",
 "anstyle-parse",
 "anstyle-query",
 "anstyle-wincon",
 "colorchoice",
 "is_terminal_polyfill",
 "utf8parse",
]

[[package]]
name = "anstyle"
version = "1.0.13"
source = "registry+https://github.com/rust-lang/crates.io-index"
checksum = "5192cca8006f1fd4f7237516f40fa183bb07f8fbdfedaa0036de5ea9b0b45e78"

[[package]]
name = "anstyle-parse"
version = "0.2.7"
source = "registry+https://github.com/rust-lang/crates.io-index"
checksum = "4e7644824f0aa2c7b9384579234ef10eb7efb6a0deb83f9630a49594dd9c15c2"
dependencies = [
 "utf8parse",
]

[[package]]
name = "anstyle-query"
version = "1.1.5"
source = "registry+https://github.com/rust-lang/crates.io-index"
checksum = "40c48f72fd53cd289104fc64099abca73db4166ad86ea0b4341abe65af83dadc"
dependencies = [
 "windows-sys",
]

[[package]]
name = "anstyle-wincon"
version = "3.0.11"
source = "registry+https://github.com/rust-lang/crates.io-index"
checksum = "291e6a250ff86cd4a820112fb8898808a366d8f9f58ce16d1f538353ad55747d"
dependencies = [
 "anstyle",
 "once_cell_polyfill",
 "windows-sys",
]

[[package]]
name = "anyhow"
version = "1.0.101"
source = "registry+https://github.com/rust-lang/crates.io-index"
checksum = "5f0e0fee31ef5ed1ba1316088939cea399010ed7731dba877ed44aeb407a75ea"

[[package]]
name = "askama"
version = "0.12.1"
source = "registry+https://github.com/rust-lang/crates.io-index"
checksum = "b79091df18a97caea757e28cd2d5fda49c6cd4bd01ddffd7ff01ace0c0ad2c28"
dependencies = [
 "askama_derive",
 "askama_escape",
]

[[package]]
name = "askama_derive"
version = "0.12.5"
source = "registry+https://github.com/rust-lang/crates.io-index"
checksum = "19fe8d6cb13c4714962c072ea496f3392015f0989b1a2847bb4b2d9effd71d83"
dependencies = [
 "askama_parser",
 "basic-toml",
 "mime",
 "mime_guess",
 "proc-macro2",
 "quote",
 "serde",
 "syn",
]

[[package]]
name = "askama_escape"
version = "0.10.3"
source = "registry+https://github.com/rust-lang/crates.io-index"
checksum = "619743e34b5ba4e9703bba34deac3427c72507c7159f5fd030aea8cac0cfe341"

[[package]]
name = "askama_parser"
version = "0.2.1"
source = "registry+https://github.com/rust-lang/crates.io-index"
checksum = "acb1161c6b64d1c3d83108213c2a2533a342ac225aabd0bda218278c2ddb00c0"
dependencies = [
 "nom",
]

[[package]]
name = "autocfg"
version = "1.5.0"
source = "registry+https://github.com/rust-lang/crates.io-index"
checksum = "c08606f8c3cbf4ce6ec8e28fb0014a2c086708fe954eaa885384a6165172e7e8"

[[package]]
name = "b"
version = "0.1.0"
dependencies = [
 "uniffi",
]

[[package]]
name = "basic-toml"
version = "0.1.10"
source = "registry+https://github.com/rust-lang/crates.io-index"
checksum = "ba62675e8242a4c4e806d12f11d136e626e6c8361d6b829310732241652a178a"
dependencies = [
 "serde",
]

[[package]]
name = "bincode"
version = "1.3.3"
source = "registry+https://github.com/rust-lang/crates.io-index"
checksum = "b1f45e9417d87227c7a56d22e471c6206462cba514c7590c09aff4cf6d1ddcad"
dependencies = [
 "serde",
]

[[package]]
name = "bytes"
version = "1.11.1"
source = "registry+https://github.com/rust-lang/crates.io-index"
checksum = "1e748733b7cbc798e1434b6ac524f0c1ff2ab456fe201501e6497c8417a4fc33"

[[package]]
name = "camino"
version = "1.2.2"
source = "registry+https://github.com/rust-lang/crates.io-index"
checksum = "e629a66d692cb9ff1a1c664e41771b3dcaf961985a9774c0eb0bd1b51cf60a48"
dependencies = [
 "serde_core",
]

[[package]]
name = "cargo-platform"
version = "0.1.9"
source = "registry+https://github.com/rust-lang/crates.io-index"
checksum = "e35af189006b9c0f00a064685c727031e3ed2d8020f7ba284d78cc2671bd36ea"
dependencies = [
 "serde",
]

[[package]]
name = "cargo_metadata"
version = "0.15.4"
source = "registry+https://github.com/rust-lang/crates.io-index"
checksum = "eee4243f1f26fc7a42710e7439c149e2b10b05472f88090acce52632f231a73a"
dependencies = [
 "camino",
 "cargo-platform",
 "semver",
 "serde",
 "serde_json",
 "thiserror",
]

[[package]]
name = "clap"
version = "4.5.58"
source = "registry+https://github.com/rust-lang/crates.io-index"
checksum = "63be97961acde393029492ce0be7a1af7e323e6bae9511ebfac33751be5e6806"
dependencies = [
 "clap_builder",
 "clap_derive",
]

[[package]]
name = "clap_builder"
version = "4.5.58"
source = "registry+https://github.com/rust-lang/crates.io-index"
checksum = "7f13174bda5dfd69d7e947827e5af4b0f2f94a4a3ee92912fba07a66150f21e2"
dependencies = [
 "anstream",
 "anstyle",
 "clap_lex",
 "strsim",
]

[[package]]
name = "clap_derive"
version = "4.5.55"
source = "registry+https://github.com/rust-lang/crates.io-index"
checksum = "a92793da1a46a5f2a02a6f4c46c6496b28c43638adea8306fcb0caa1634f24e5"
dependencies = [
 "heck",
 "proc-macro2",
 "quote",
 "syn",
]

[[package]]
name = "clap_lex"
version = "1.0.0"
source = "registry+https://github.com/rust-lang/crates.io-index"
checksum = "3a822ea5bc7590f9d40f1ba12c0dc3c2760f3482c6984db1573ad11031420831"

[[package]]
name = "colorchoice"
version = "1.0.4"
source = "registry+https://github.com/rust-lang/crates.io-index"
checksum = "b05b61dc5112cbb17e4b6cd61790d9845d13888356391624cbe7e41efeac1e75"

[[package]]
name = "fs-err"
version = "2.11.0"
source = "registry+https://github.com/rust-lang/crates.io-index"
checksum = "88a41f105fe1d5b6b34b2055e3dc59bb79b46b48b2040b9e6c7b4b5de097aa41"
dependencies = [
 "autocfg",
]

[[package]]
name = "glob"
version = "0.3.3"
source = "registry+https://github.com/rust-lang/crates.io-index"
checksum = "0cc23270f6e1808e30a928bdc84dea0b9b4136a8bc82338574f23baf47bbd280"

[[package]]
name = "goblin"
version = "0.8.2"
source = "registry+https://github.com/rust-lang/crates.io-index"
checksum = "1b363a30c165f666402fe6a3024d3bec7ebc898f96a4a23bd1c99f8dbf3f4f47"
dependencies = [
 "log",
 "plain",
 "scroll",
]

[[package]]
name = "heck"
version = "0.5.0"
source = "registry+https://github.com/rust-lang/crates.io-index"
checksum = "2304e00983f87ffb38b55b444b5e3b60a884b5d30c0fca7d82fe33449bbe55ea"

[[package]]
name = "is_terminal_polyfill"
version = "1.70.2"
source = "registry+https://github.com/rust-lang/crates.io-index"
checksum = "a6cb138bb79a146c1bd460005623e142ef0181e3d0219cb493e02f7d08a35695"

[[package]]
name = "itoa"
version = "1.0.17"
source = "registry+https://github.com/rust-lang/crates.io-index"
checksum = "92ecc6618181def0457392ccd0ee51198e065e016d1d527a7ac1b6dc7c1f09d2"

[[package]]
name = "log"
version = "0.4.29"
source = "registry+https://github.com/rust-lang/crates.io-index"
checksum = "5e5032e24019045c762d3c0f28f5b6b8bbf38563a65908389bf7978758920897"

[[package]]
name = "memchr"
version = "2.8.0"
source = "registry+https://github.com/rust-lang/crates.io-index"
checksum = "f8ca58f447f06ed17d5fc4043ce1b10dd205e060fb3ce5b979b8ed8e59ff3f79"

[[package]]
name = "mime"
version = "0.3.17"
source = "registry+https://github.com/rust-lang/crates.io-index"
checksum = "6877bb514081ee2a7ff5ef9de3281f14a4dd4bceac4c09388074a6b5df8a139a"

[[package]]
name = "mime_guess"
version = "2.0.5"
source = "registry+https://github.com/rust-lang/crates.io-index"
checksum = "f7c44f8e672c00fe5308fa235f821cb4198414e1c77935c1ab6948d3fd78550e"
dependencies = [
 "mime",
 "unicase",
]

[[package]]
name = "minimal-lexical"
version = "0.2.1"
source = "registry+https://github.com/rust-lang/crates.io-index"
checksum = "68354c5c6bd36d73ff3feceb05efa59b6acb7626617f4962be322a825e61f79a"

[[package]]
name = "nom"
version = "7.1.3"
source = "registry+https://github.com/rust-lang/crates.io-index"
checksum = "d273983c5a657a70a3e8f2a01329822f3b8c8172b73826411a55751e404a0a4a"
dependencies = [
 "memchr",
 "minimal-lexical",
]

[[package]]
name = "once_cell"
version = "1.21.3"
source = "registry+https://github.com/rust-lang/crates.io-index"
checksum = "42f5e15c9953c5e4ccceeb2e7382a716482c34515315f7b03532b8b4e8393d2d"

[[package]]
name = "once_cell_polyfill"
version = "1.70.2"
source = "registry+https://github.com/rust-lang/crates.io-index"
checksum = "384b8ab6d37215f3c5301a95a4accb5d64aa607f1fcb26a11b5303878451b4fe"

[[package]]
name = "paste"
version = "1.0.15"
source = "registry+https://github.com/rust-lang/crates.io-index"
checksum = "57c0d7b74b563b49d38dae00a0c37d4d6de9b432382b2892f0574ddcae73fd0a"

[[package]]
name = "plain"
version = "0.2.3"
source = "registry+https://github.com/rust-lang/crates.io-index"
checksum = "b4596b6d070b27117e987119b4dac604f3c58cfb0b191112e24771b2faeac1a6"

[[package]]
name = "proc-macro2"
version = "1.0.106"
source = "registry+https://github.com/rust-lang/crates.io-index"
checksum = "8fd00f0bb2e90d81d1044c2b32617f68fcb9fa3bb7640c23e9c748e53fb30934"
dependencies = [
 "unicode-ident",
]

[[package]]
name = "quote"
version = "1.0.44"
source = "registry+https://github.com/rust-lang/crates.io-index"
checksum = "21b2ebcf727b7760c461f091f9f0f539b77b8e87f2fd88131e7f1b433b3cece4"
dependencies = [
 "proc-macro2",
]

[[package]]
name = "scroll"
version = "0.12.0"
source = "registry+https://github.com/rust-lang/crates.io-index"
checksum = "6ab8598aa408498679922eff7fa985c25d58a90771bd6be794434c5277eab1a6"
dependencies = [
 "scroll_derive",
]

[[package]]
name = "scroll_derive"
version = "0.12.1"
source = "registry+https://github.com/rust-lang/crates.io-index"
checksum = "1783eabc414609e28a5ba76aee5ddd52199f7107a0b24c2e9746a1ecc34a683d"
dependencies = [
 "proc-macro2",
 "quote",
 "syn",
]

[[package]]
name = "semver"
version = "1.0.27"
source = "registry+https://github.com/rust-lang/crates.io-index"
checksum = "d767eb0aabc880b29956c35734170f26ed551a859dbd361d140cdbeca61ab1e2"
dependencies = [
 "serde",
 "serde_core",
]

[[package]]
name = "serde"
version = "1.0.228"
source = "registry+https://github.com/rust-lang/crates.io-index"
checksum = "9a8e94ea7f378bd32cbbd37198a4a91436180c5bb472411e48b5ec2e2124ae9e"
dependencies = [
 "serde_core",
 "serde_derive",
]

[[package]]
name = "serde_core"
version = "1.0.228"
source = "registry+https://github.com/rust-lang/crates.io-index"
checksum = "41d385c7d4ca58e59fc732af25c3983b67ac852c1a25000afe1175de458b67ad"
dependencies = [
 "serde_derive",
]

[[package]]
name = "serde_derive"
version = "1.0.228"
source = "registry+https://github.com/rust-lang/crates.io-index"
checksum = "d540f220d3187173da220f885ab66608367b6574e925011a9353e4badda91d79"
dependencies = [
 "proc-macro2",
 "quote",
 "syn",
]

[[package]]
name = "serde_json"
version = "1.0.149"
source = "registry+https://github.com/rust-lang/crates.io-index"
checksum = "83fc039473c5595ace860d8c4fafa220ff474b3fc6bfdb4293327f1a37e94d86"
dependencies = [
 "itoa",
 "memchr",
 "serde",
 "serde_core",
 "zmij",
]

[[package]]
name = "siphasher"
version = "0.3.11"
source = "registry+https://github.com/rust-lang/crates.io-index"
checksum = "38b58827f4464d87d377d175e90bf58eb00fd8716ff0a62f80356b5e61555d0d"

[[package]]
name = "smawk"
version = "0.3.2"
source = "registry+https://github.com/rust-lang/crates.io-index"
checksum = "b7c388c1b5e93756d0c740965c41e8822f866621d41acbdf6336a6a168f8840c"

[[package]]
name = "static_assertions"
version = "1.1.0"
source = "registry+https://github.com/rust-lang/crates.io-index"
checksum = "a2eb9349b6444b326872e140eb1cf5e7c522154d69e7a0ffb0fb81c06b37543f"

[[package]]
name = "strsim"
version = "0.11.1"
source = "registry+https://github.com/rust-lang/crates.io-index"
checksum = "7da8b5736845d9f2fcb837ea5d9e2628564b3b043a70948a3f0b778838c5fb4f"

[[package]]
name = "syn"
version = "2.0.116"
source = "registry+https://github.com/rust-lang/crates.io-index"
checksum = "3df424c70518695237746f84cede799c9c58fcb37450d7b23716568cc8bc69cb"
dependencies = [
 "proc-macro2",
 "quote",
 "unicode-ident",
]

[[package]]
name = "textwrap"
version = "0.16.2"
source = "registry+https://github.com/rust-lang/crates.io-index"
checksum = "c13547615a44dc9c452a8a534638acdf07120d4b6847c8178705da06306a3057"
dependencies = [
 "smawk",
]

[[package]]
name = "thiserror"
version = "1.0.69"
source = "registry+https://github.com/rust-lang/crates.io-index"
checksum = "b6aaf5339b578ea85b50e080feb250a3e8ae8cfcdff9a461c9ec2904bc923f52"
dependencies = [
 "thiserror-impl",
]

[[package]]
name = "thiserror-impl"
version = "1.0.69"
source = "registry+https://github.com/rust-lang/crates.io-index"
checksum = "4fee6c4efc90059e10f81e6d42c60a18f76588c3d74cb83a0b242a2b6c7504c1"
dependencies = [
 "proc-macro2",
 "quote",
 "syn",
]

[[package]]
name = "toml"
version = "0.5.11"
source = "registry+https://github.com/rust-lang/crates.io-index"
checksum = "f4f7f0dd8d50a853a531c426359045b1998f04219d88799810762cd4ad314234"
dependencies = [
 "serde",
]

[[package]]
name = "unicase"
version = "2.9.0"
source = "registry+https://github.com/rust-lang/crates.io-index"
checksum = "dbc4bc3a9f746d862c45cb89d705aa10f187bb96c76001afab07a0d35ce60142"

[[package]]
name = "unicode-ident"
version = "1.0.24"
source = "registry+https://github.com/rust-lang/crates.io-index"
checksum = "e6e4313cd5fcd3dad5cafa179702e2b244f760991f45397d14d4ebf38247da75"

[[package]]
name = "uniffi"
version = "0.28.3"
source = "registry+https://github.com/rust-lang/crates.io-index"
checksum = "4cb08c58c7ed7033150132febe696bef553f891b1ede57424b40d87a89e3c170"
dependencies = [
 "anyhow",
 "camino",
 "cargo_metadata",
 "clap",
 "uniffi_bindgen",
 "uniffi_build",
 "uniffi_core",
 "uniffi_macros",
]

[[package]]
name = "uniffi-bindgen"
version = "0.1.0"
dependencies = [
 "uniffi",
]

[[package]]
name = "uniffi_bindgen"
version = "0.28.3"
source = "registry+https://github.com/rust-lang/crates.io-index"
checksum = "cade167af943e189a55020eda2c314681e223f1e42aca7c4e52614c2b627698f"
dependencies = [
 "anyhow",
 "askama",
 "camino",
 "cargo_metadata",
 "fs-err",
 "glob",
 "goblin",
 "heck",
 "once_cell",
 "paste",
 "serde",
 "textwrap",
 "toml",
 "uniffi_meta",
 "uniffi_udl",
]

[[package]]
name = "uniffi_build"
version = "0.28.3"
source = "registry+https://github.com/rust-lang/crates.io-index"
checksum = "4c7cf32576e08104b7dc2a6a5d815f37616e66c6866c2a639fe16e6d2286b75b"
dependencies = [
 "anyhow",
 "camino",
 "uniffi_bindgen",
]

[[package]]
name = "uniffi_checksum_derive"
version = "0.28.3"
source = "registry+https://github.com/rust-lang/crates.io-index"
checksum = "802d2051a700e3ec894c79f80d2705b69d85844dafbbe5d1a92776f8f48b563a"
dependencies = [
 "quote",
 "syn",
]

[[package]]
name = "uniffi_core"
version = "0.28.3"
source = "registry+https://github.com/rust-lang/crates.io-index"
checksum = "bc7687007d2546c454d8ae609b105daceb88175477dac280707ad6d95bcd6f1f"
dependencies = [
 "anyhow",
 "bytes",
 "log",
 "once_cell",
 "paste",
 "static_assertions",
]

[[package]]
name = "uniffi_macros"
version = "0.28.3"
source = "registry+https://github.com/rust-lang/crates.io-index"
checksum = "12c65a5b12ec544ef136693af8759fb9d11aefce740fb76916721e876639033b"
dependencies = [
 "bincode",
 "camino",
 "fs-err",
 "once_cell",
 "proc-macro2",
 "quote",
 "serde",
 "syn",
 "toml",
 "uniffi_meta",
]

[[package]]
name = "uniffi_meta"
version = "0.28.3"
source = "registry+https://github.com/rust-lang/crates.io-index"
checksum = "4a74ed96c26882dac1ca9b93ca23c827e284bacbd7ec23c6f0b0372f747d59e4"
dependencies = [
 "anyhow",
 "bytes",
 "siphasher",
 "uniffi_checksum_derive",
]

[[package]]
name = "uniffi_testing"
version = "0.28.3"
source = "registry+https://github.com/rust-lang/crates.io-index"
checksum = "6a6f984f0781f892cc864a62c3a5c60361b1ccbd68e538e6c9fbced5d82268ac"
dependencies = [
 "anyhow",
 "camino",
 "cargo_metadata",
 "fs-err",
 "once_cell",
]

[[package]]
name = "uniffi_udl"
version = "0.28.3"
source = "registry+https://github.com/rust-lang/crates.io-index"
checksum = "037820a4cfc4422db1eaa82f291a3863c92c7d1789dc513489c36223f9b4cdfc"
dependencies = [
 "anyhow",
 "textwrap",
 "uniffi_meta",
 "uniffi_testing",
 "weedle2",
]

[[package]]
name = "utf8parse"
version = "0.2.2"
source = "registry+https://github.com/rust-lang/crates.io-index"
checksum = "06abde3611657adf66d383f00b093d7faecc7fa57071cce2578660c9f1010821"

[[package]]
name = "weedle2"
version = "5.0.0"
source = "registry+https://github.com/rust-lang/crates.io-index"
checksum = "998d2c24ec099a87daf9467808859f9d82b61f1d9c9701251aea037f514eae0e"
dependencies = [
 "nom",
]

[[package]]
name = "windows-link"
version = "0.2.1"
source = "registry+https://github.com/rust-lang/crates.io-index"
checksum = "f0805222e57f7521d6a62e36fa9163bc891acd422f971defe97d64e70d0a4fe5"

[[package]]
name = "windows-sys"
version = "0.61.2"
source = "registry+https://github.com/rust-lang/crates.io-index"
checksum = "ae137229bcbd6cdf0f7b80a31df61766145077ddf49416a728b02cb3921ff3fc"
dependencies = [
 "windows-link",
]

[[package]]
name = "zmij"
version = "1.0.21"
source = "registry+https://github.com/rust-lang/crates.io-index"
checksum = "b8848ee67ecc8aedbaf3e4122217aff892639231befc6a1b58d29fff4c2cabaa"
