# This file is automatically @generated by Cargo.
# It is not intended for manual editing.
[[package]]
name = "bitflags"
version = "1.2.1"
source = "registry+https://github.com/rust-lang/crates.io-index"
checksum = "cf1de2fe8c75bc145a2f577add951f8134889b4795d47466a54a5c846d691693"

[[package]]
name = "cc"
version = "1.0.67"
source = "registry+https://github.com/rust-lang/crates.io-index"
checksum = "e3c69b077ad434294d3ce9f1f6143a2a4b89a8a2d54ef813d85003a4fd1137fd"

[[package]]
name = "cfg-if"
version = "1.0.0"
source = "registry+https://github.com/rust-lang/crates.io-index"
checksum = "baf1de4339761588bc0619e3cbc0120ee582ebb74b53b4efbf79117bd2da40fd"

[[package]]
name = "instant"
version = "0.1.9"
source = "registry+https://github.com/rust-lang/crates.io-index"
checksum = "61124eeebbd69b8190558df225adf7e4caafce0d743919e5d6b19652314ec5ec"
dependencies = [
 "cfg-if",
]

[[package]]
name = "lib_with_disallowed_lib"
version = "0.1.0"
dependencies = [
 "libz-sys",
 "pyo3",
]

[[package]]
name = "libc"
version = "0.2.87"
source = "registry+https://github.com/rust-lang/crates.io-index"
checksum = "265d751d31d6780a3f956bb5b8022feba2d94eeee5a84ba64f4212eedca42213"

[[package]]
name = "libz-sys"
version = "1.1.2"
source = "registry+https://github.com/rust-lang/crates.io-index"
checksum = "602113192b08db8f38796c4e85c39e960c145965140e918018bcde1952429655"
dependencies = [
 "cc",
 "pkg-config",
 "vcpkg",
]

[[package]]
name = "lock_api"
version = "0.4.2"
source = "registry+https://github.com/rust-lang/crates.io-index"
checksum = "dd96ffd135b2fd7b973ac026d28085defbe8983df057ced3eb4f2130b0831312"
dependencies = [
 "scopeguard",
]

[[package]]
name = "parking_lot"
version = "0.11.1"
source = "registry+https://github.com/rust-lang/crates.io-index"
checksum = "6d7744ac029df22dca6284efe4e898991d28e3085c706c972bcd7da4a27a15eb"
dependencies = [
 "instant",
 "lock_api",
 "parking_lot_core",
]

[[package]]
name = "parking_lot_core"
version = "0.8.3"
source = "registry+https://github.com/rust-lang/crates.io-index"
checksum = "fa7a782938e745763fe6907fc6ba86946d72f49fe7e21de074e08128a99fb018"
dependencies = [
 "cfg-if",
 "instant",
 "libc",
 "redox_syscall",
 "smallvec",
 "winapi",
]

[[package]]
name = "pkg-config"
version = "0.3.19"
source = "registry+https://github.com/rust-lang/crates.io-index"
checksum = "3831453b3449ceb48b6d9c7ad7c96d5ea673e9b470a1dc578c2ce6521230884c"

[[package]]
name = "pyo3"
version = "0.13.2"
source = "registry+https://github.com/rust-lang/crates.io-index"
checksum = "4837b8e8e18a102c23f79d1e9a110b597ea3b684c95e874eb1ad88f8683109c3"
dependencies = [
 "cfg-if",
 "libc",
 "parking_lot",
]

[[package]]
name = "redox_syscall"
version = "0.2.5"
source = "registry+https://github.com/rust-lang/crates.io-index"
checksum = "94341e4e44e24f6b591b59e47a8a027df12e008d73fd5672dbea9cc22f4507d9"
dependencies = [
 "bitflags",
]

[[package]]
name = "scopeguard"
version = "1.1.0"
source = "registry+https://github.com/rust-lang/crates.io-index"
checksum = "d29ab0c6d3fc0ee92fe66e2d99f700eab17a8d57d1c1d3b748380fb20baa78cd"

[[package]]
name = "smallvec"
version = "1.6.1"
source = "registry+https://github.com/rust-lang/crates.io-index"
checksum = "fe0f37c9e8f3c5a4a66ad655a93c74daac4ad00c441533bf5c6e7990bb42604e"

[[package]]
name = "vcpkg"
version = "0.2.11"
source = "registry+https://github.com/rust-lang/crates.io-index"
checksum = "b00bca6106a5e23f3eee943593759b7fcddb00554332e856d990c893966879fb"

[[package]]
name = "winapi"
version = "0.3.9"
source = "registry+https://github.com/rust-lang/crates.io-index"
checksum = "5c839a674fcd7a98952e593242ea400abe93992746761e38641405d28b00f419"
dependencies = [
 "winapi-i686-pc-windows-gnu",
 "winapi-x86_64-pc-windows-gnu",
]

[[package]]
name = "winapi-i686-pc-windows-gnu"
version = "0.4.0"
source = "registry+https://github.com/rust-lang/crates.io-index"
checksum = "ac3b87c63620426dd9b991e5ce0329eff545bccbbb34f3be09ff6fb6ab51b7b6"

[[package]]
name = "winapi-x86_64-pc-windows-gnu"
version = "0.4.0"
source = "registry+https://github.com/rust-lang/crates.io-index"
checksum = "712e227841d057c1ee1cd2fb22fa7e5a5461ae8e48fa2ca79ec42cfc1931183f"
