# This file is automatically @generated by Cargo.
# It is not intended for manual editing.
[[package]]
name = "lazy_static"
version = "1.4.0"
source = "registry+https://github.com/rust-lang/crates.io-index"
checksum = "e2abad23fbc42b3700f2f279844dc832adb2b2eb069b2df918f455c4e18cc646"

[[package]]
name = "lib_with_path_dep"
version = "0.1.0"
dependencies = [
 "lazy_static",
 "some_path_dep",
]

[[package]]
name = "some_path_dep"
version = "0.1.0"
