# This file is automatically @generated by Cargo.
# It is not intended for manual editing.
version = 4

[[package]]
name = "libc"
version = "0.2.186"
source = "registry+https://github.com/rust-lang/crates.io-index"
checksum = "68ab91017fe16c622486840e4c83c9a37afeff978bd239b5293d61ece587de66"

[[package]]
name = "pyo3-build-config"
version = "0.28.3"
source = "git+https://github.com/pyo3/pyo3#504d46816eb928110c926aaf4b4ce2bb35f62c32"
dependencies = [
 "target-lexicon",
]

[[package]]
name = "pyo3-ffi"
version = "0.28.3"
source = "git+https://github.com/pyo3/pyo3#504d46816eb928110c926aaf4b4ce2bb35f62c32"
dependencies = [
 "libc",
 "pyo3-build-config",
]

[[package]]
name = "pyo3-ffi-abi3t-py315"
version = "0.1.0"
dependencies = [
 "pyo3-ffi",
]

[[package]]
name = "target-lexicon"
version = "0.13.5"
source = "registry+https://github.com/rust-lang/crates.io-index"
checksum = "adb6935a6f5c20170eeceb1a3835a49e12e19d792f6dd344ccc76a985ca5a6ca"
