# This file is automatically @generated by Cargo.
# It is not intended for manual editing.
version = 3

[[package]]
name = "autocfg"
version = "1.1.0"
source = "registry+https://github.com/rust-lang/crates.io-index"
checksum = "d468802bab17cbc0cc575e9b053f41e72aa36bfa6b7f55e3529ffa43161b97fa"

[[package]]
name = "cfg-if"
version = "1.0.0"
source = "registry+https://github.com/rust-lang/crates.io-index"
checksum = "baf1de4339761588bc0619e3cbc0120ee582ebb74b53b4efbf79117bd2da40fd"

[[package]]
name = "libc"
version = "0.2.147"
source = "registry+https://github.com/rust-lang/crates.io-index"
checksum = "b4668fb0ea861c1df094127ac5f1da3409a82116a4ba74fca2e58ef927159bb3"

[[package]]
name = "memoffset"
version = "0.9.0"
source = "registry+https://github.com/rust-lang/crates.io-index"
checksum = "5a634b1c61a95585bd15607c6ab0c4e5b226e695ff2800ba0cdccddf208c406c"
dependencies = [
 "autocfg",
]

[[package]]
name = "once_cell"
version = "1.18.0"
source = "registry+https://github.com/rust-lang/crates.io-index"
checksum = "dd8b5dd2ae5ed71462c540258bedcb51965123ad7e7ccf4b9a8cafaa4a63576d"

[[package]]
name = "portable-atomic"
version = "1.6.0"
source = "registry+https://github.com/rust-lang/crates.io-index"
checksum = "7170ef9988bc169ba16dd36a7fa041e5c4cbeb6a35b76d4c03daded371eae7c0"

[[package]]
name = "pyo3"
version = "0.23.1"
source = "registry+https://github.com/rust-lang/crates.io-index"
checksum = "7ebb0c0cc0de9678e53be9ccf8a2ab53045e6e3a8be03393ceccc5e7396ccb40"
dependencies = [
 "cfg-if",
 "libc",
 "memoffset",
 "once_cell",
 "portable-atomic",
 "pyo3-build-config",
 "pyo3-ffi",
]

[[package]]
name = "pyo3-build-config"
version = "0.23.1"
source = "registry+https://github.com/rust-lang/crates.io-index"
checksum = "80e3ce69c4ec34476534b490e412b871ba03a82e35604c3dfb95fcb6bfb60c09"
dependencies = [
 "once_cell",
 "target-lexicon",
]

[[package]]
name = "pyo3-ffi"
version = "0.23.1"
source = "registry+https://github.com/rust-lang/crates.io-index"
checksum = "3b09f311c76b36dfd6dd6f7fa6f9f18e7e46a1c937110d283e80b12ba2468a75"
dependencies = [
 "libc",
 "pyo3-build-config",
]

[[package]]
name = "sdist_with_path_dep"
version = "0.1.0"
dependencies = [
 "pyo3",
 "some_path_dep",
]

[[package]]
name = "some_path_dep"
version = "0.1.0"
dependencies = [
 "transitive_path_dep",
]

[[package]]
name = "target-lexicon"
version = "0.12.14"
source = "registry+https://github.com/rust-lang/crates.io-index"
checksum = "e1fc403891a21bcfb7c37834ba66a547a8f402146eba7265b5a6d88059c9ff2f"

[[package]]
name = "transitive_path_dep"
version = "0.1.0"
